{
  "name": "nsql1h26-kandz",
  "lockfileVersion": 3,
  "requires": true,
  "packages": {
    "": {
      "dependencies": {
        "kanji-recognizer": "^0.2.0"
      }
    },
    "node_modules/kanji-recognizer": {
      "version": "0.2.0",
      "resolved": "https://registry.npmjs.org/kanji-recognizer/-/kanji-recognizer-0.2.0.tgz",
      "integrity": "sha512-WVcZeb1HqkTg9v+/rQbpuGifFl06syJOECfoxG7otI/Qd3gYNzQ0Eo283VT/W9bvU94LE+zJIyRUtfklylQ5lg=="
    }
  }
}
